
Microsoft Visual Studio Solution File, Format Version 12.00
# Visual Studio Version 16
VisualStudioVersion = 16.0.31321.278
MinimumVisualStudioVersion = 10.0.40219.1
Project("{FAE04EC0-301F-11D3-BF4B-00C04F79EFBC}") = "super-duper-octo-palm-tree.app", "super-duper-octo-palm-tree.app\super-duper-octo-palm-tree.app.csproj", "{68BFD6A3-9B58-4167-B65F-677D0E0062B7}"
EndProject
Global
	GlobalSection(SolutionConfigurationPlatforms) = preSolution
		Debug|Any CPU = Debug|Any CPU
		Release|Any CPU = Release|Any CPU
	EndGlobalSection
	GlobalSection(ProjectConfigurationPlatforms) = postSolution
		{68BFD6A3-9B58-4167-B65F-677D0E0062B7}.Debug|Any CPU.ActiveCfg = Debug|Any CPU
		{68BFD6A3-9B58-4167-B65F-677D0E0062B7}.Debug|Any CPU.Build.0 = Debug|Any CPU
		{68BFD6A3-9B58-4167-B65F-677D0E0062B7}.Release|Any CPU.ActiveCfg = Release|Any CPU
		{68BFD6A3-9B58-4167-B65F-677D0E0062B7}.Release|Any CPU.Build.0 = Release|Any CPU
	EndGlobalSection
	GlobalSection(SolutionProperties) = preSolution
		HideSolutionNode = FALSE
	EndGlobalSection
	GlobalSection(ExtensibilityGlobals) = postSolution
		SolutionGuid = {2D5B4F5D-BB10-40B0-A333-4963D4460B1C}
	EndGlobalSection
EndGlobal
